
Microsoft Visual Studio Solution File, Format Version 12.00
# Visual Studio Version 17
VisualStudioVersion = 17.14.36327.8 d17.14
MinimumVisualStudioVersion = 10.0.40219.1
Project("{FAE04EC0-301F-11D3-BF4B-00C04F79EFBC}") = "Atividade_Final", "Atividade_Final.csproj", "{725BF15D-366F-4D1F-8226-0D047755E605}"
EndProject
Global
	GlobalSection(SolutionConfigurationPlatforms) = preSolution
		Debug|Any CPU = Debug|Any CPU
		Release|Any CPU = Release|Any CPU
	EndGlobalSection
	GlobalSection(ProjectConfigurationPlatforms) = postSolution
		{725BF15D-366F-4D1F-8226-0D047755E605}.Debug|Any CPU.ActiveCfg = Debug|Any CPU
		{725BF15D-366F-4D1F-8226-0D047755E605}.Debug|Any CPU.Build.0 = Debug|Any CPU
		{725BF15D-366F-4D1F-8226-0D047755E605}.Release|Any CPU.ActiveCfg = Release|Any CPU
		{725BF15D-366F-4D1F-8226-0D047755E605}.Release|Any CPU.Build.0 = Release|Any CPU
	EndGlobalSection
	GlobalSection(SolutionProperties) = preSolution
		HideSolutionNode = FALSE
	EndGlobalSection
	GlobalSection(ExtensibilityGlobals) = postSolution
		SolutionGuid = {D93D237E-83D2-4723-97D5-9B58717699FA}
	EndGlobalSection
EndGlobal
